{
  "name": "BubblesGame",
  "version": "1.0.0",
  "description": "Bubbles game, where the goal is to hit bubbles with the same color as the active one",
  "dependencies": {
    "canvas": "^2.6.1",
    "jsdom": "^11.3.0",
    "jsdom-global": "^3.0.2"
  },
  "devDependencies": {},
  "scripts": {
    "test": "echo \"Error: no test specified\" && exit 1"
  },
  "repository": {
    "type": "git",
    "url": "git+https://github.com/Ramirova/BubblesGame.git"
  },
  "author": "Rozaliya Amirova",
  "license": "MIT",
  "bugs": {
    "url": "https://github.com/Ramirova/BubblesGame/issues"
  },
  "homepage": "https://github.com/Ramirova/BubblesGame#readme"
}
